{
  "name": "SIPP",
  "lockfileVersion": 3,
  "requires": true,
  "packages": {
    "": {
      "dependencies": {
        "@angular/common": "^16.1.4",
        "@angular/core": "^16.1.4",
        "@syncfusion/ej2-angular-notifications": "^22.1.35"
      }
    },
    "node_modules/@angular/common": {
      "version": "16.1.4",
      "resolved": "https://registry.npmjs.org/@angular/common/-/common-16.1.4.tgz",
      "integrity": "sha512-SDA8GZVY0nXCJaNUy13L22jAKuk1LZgQ6QzqOpqQc50C25bfBQbYv68PKjHCjQ62VxGKnDSTT85xCMNx+y/U4g==",
      "dependencies": {
        "tslib": "^2.3.0"
      },
      "engines": {
        "node": "^16.14.0 || >=18.10.0"
      },
      "peerDependencies": {
        "@angular/core": "16.1.4",
        "rxjs": "^6.5.3 || ^7.4.0"
      }
    },
    "node_modules/@angular/core": {
      "version": "16.1.4",
      "resolved": "https://registry.npmjs.org/@angular/core/-/core-16.1.4.tgz",
      "integrity": "sha512-eWs++peAp+Lm2SHGfMsHAye2IOmlDKkVJ4dFf4TaZXW+AEev3FXKXLFp+dBUq8YkCKly7iAV26NXEUBOFFtplQ==",
      "dependencies": {
        "tslib": "^2.3.0"
      },
      "engines": {
        "node": "^16.14.0 || >=18.10.0"
      },
      "peerDependencies": {
        "rxjs": "^6.5.3 || ^7.4.0",
        "zone.js": "~0.13.0"
      }
    },
    "node_modules/@syncfusion/ej2-angular-base": {
      "version": "22.1.34",
      "resolved": "https://registry.npmjs.org/@syncfusion/ej2-angular-base/-/ej2-angular-base-22.1.34.tgz",
      "integrity": "sha512-hUIyzWS+BLGI7Xhbz6Vexbm3uH9cJ5yPrTBiLsh5RT8tJKD+dHAiJfZ1m9xa0m6woYKR0sfX5Makb0EB9urmjg==",
      "hasInstallScript": true,
      "dependencies": {
        "@syncfusion/ej2-base": "~22.1.34",
        "@syncfusion/ej2-icons": "~22.1.34",
        "core-js": "^3.4.8",
        "reflect-metadata": "^0.1.9",
        "rxjs": "^6.5.4",
        "rxjs-compat": "^6.5.4",
        "zone.js": "^0.10.2"
      }
    },
    "node_modules/@syncfusion/ej2-angular-base/node_modules/zone.js": {
      "version": "0.10.3",
      "resolved": "https://registry.npmjs.org/zone.js/-/zone.js-0.10.3.tgz",
      "integrity": "sha512-LXVLVEq0NNOqK/fLJo3d0kfzd4sxwn2/h67/02pjCjfKDxgx1i9QqpvtHD8CrBnSSwMw5+dy11O7FRX5mkO7Cg=="
    },
    "node_modules/@syncfusion/ej2-angular-notifications": {
      "version": "22.1.35",
      "resolved": "https://registry.npmjs.org/@syncfusion/ej2-angular-notifications/-/ej2-angular-notifications-22.1.35.tgz",
      "integrity": "sha512-xk397M3CjAQTBFrjk8EsEwIdnFG73pc6qCqEEcqeQtg69BYT5orFwDyijp5nOiYEQVG+ndNuMYjh8rJx6EhOAg==",
      "dependencies": {
        "@syncfusion/ej2-angular-base": "~22.1.34",
        "@syncfusion/ej2-base": "~22.1.34",
        "@syncfusion/ej2-notifications": "22.1.34",
        "tslib": "^2.3.0"
      }
    },
    "node_modules/@syncfusion/ej2-base": {
      "version": "22.1.38",
      "resolved": "https://registry.npmjs.org/@syncfusion/ej2-base/-/ej2-base-22.1.38.tgz",
      "integrity": "sha512-kileedNSZVVxTow+IzqNYec9t7RKanBD4gzrGPBqBuFL0JPUJ5AhV3SZkCFt1XSR/bjEqMyta1Q0PPq7HAZQ6g==",
      "dependencies": {
        "@syncfusion/ej2-icons": "~22.1.34"
      },
      "bin": {
        "syncfusion-license": "bin/syncfusion-license.js"
      }
    },
    "node_modules/@syncfusion/ej2-buttons": {
      "version": "22.1.38",
      "resolved": "https://registry.npmjs.org/@syncfusion/ej2-buttons/-/ej2-buttons-22.1.38.tgz",
      "integrity": "sha512-iZcLX8roBK6BFA7JcZJgJoKXveyKw8g/vBz0u714jLpR20BGDK7bh8YDQACnzkZgB21wW0UHIt9m5xOu/59eQA==",
      "dependencies": {
        "@syncfusion/ej2-base": "~22.1.38"
      }
    },
    "node_modules/@syncfusion/ej2-icons": {
      "version": "22.1.34",
      "resolved": "https://registry.npmjs.org/@syncfusion/ej2-icons/-/ej2-icons-22.1.34.tgz",
      "integrity": "sha512-DErl0LGB7gndgdCUJ4DgGkccAAxga6BlqR0nxtYBKetNhQpICkzafiq0o8ZfDR5xV3bguIxHOTLZGYNB3PgVCw=="
    },
    "node_modules/@syncfusion/ej2-notifications": {
      "version": "22.1.34",
      "resolved": "https://registry.npmjs.org/@syncfusion/ej2-notifications/-/ej2-notifications-22.1.34.tgz",
      "integrity": "sha512-2HVbsdNQDgnUWwC/16a6zkJJHNOZ/Z4tbSuww0ReMGJmGoK5E7/1uoV5YkJK3e7SYy1KLndcjOL75DJ4eCt2BQ==",
      "dependencies": {
        "@syncfusion/ej2-base": "~22.1.34",
        "@syncfusion/ej2-buttons": "~22.1.34",
        "@syncfusion/ej2-popups": "~22.1.34"
      }
    },
    "node_modules/@syncfusion/ej2-popups": {
      "version": "22.1.38",
      "resolved": "https://registry.npmjs.org/@syncfusion/ej2-popups/-/ej2-popups-22.1.38.tgz",
      "integrity": "sha512-gjCW1kZ5QqYXeimq2C7db4PGOKRx61152cOJydItoY6lBg5xN+SVOjwpVIRfSqh3bnbuqbJhg00vrE9FZDy//Q==",
      "dependencies": {
        "@syncfusion/ej2-base": "~22.1.38",
        "@syncfusion/ej2-buttons": "~22.1.38"
      }
    },
    "node_modules/core-js": {
      "version": "3.31.1",
      "resolved": "https://registry.npmjs.org/core-js/-/core-js-3.31.1.tgz",
      "integrity": "sha512-2sKLtfq1eFST7l7v62zaqXacPc7uG8ZAya8ogijLhTtaKNcpzpB4TMoTw2Si+8GYKRwFPMMtUT0263QFWFfqyQ==",
      "hasInstallScript": true,
      "funding": {
        "type": "opencollective",
        "url": "https://opencollective.com/core-js"
      }
    },
    "node_modules/reflect-metadata": {
      "version": "0.1.13",
      "resolved": "https://registry.npmjs.org/reflect-metadata/-/reflect-metadata-0.1.13.tgz",
      "integrity": "sha512-Ts1Y/anZELhSsjMcU605fU9RE4Oi3p5ORujwbIKXfWa+0Zxs510Qrmrce5/Jowq3cHSZSJqBjypxmHarc+vEWg=="
    },
    "node_modules/rxjs": {
      "version": "6.6.7",
      "resolved": "https://registry.npmjs.org/rxjs/-/rxjs-6.6.7.tgz",
      "integrity": "sha512-hTdwr+7yYNIT5n4AMYp85KA6yw2Va0FLa3Rguvbpa4W3I5xynaBZo41cM3XM+4Q6fRMj3sBYIR1VAmZMXYJvRQ==",
      "dependencies": {
        "tslib": "^1.9.0"
      },
      "engines": {
        "npm": ">=2.0.0"
      }
    },
    "node_modules/rxjs-compat": {
      "version": "6.6.7",
      "resolved": "https://registry.npmjs.org/rxjs-compat/-/rxjs-compat-6.6.7.tgz",
      "integrity": "sha512-szN4fK+TqBPOFBcBcsR0g2cmTTUF/vaFEOZNuSdfU8/pGFnNmmn2u8SystYXG1QMrjOPBc6XTKHMVfENDf6hHw=="
    },
    "node_modules/rxjs/node_modules/tslib": {
      "version": "1.14.1",
      "resolved": "https://registry.npmjs.org/tslib/-/tslib-1.14.1.tgz",
      "integrity": "sha512-Xni35NKzjgMrwevysHTCArtLDpPvye8zV/0E4EyYn43P7/7qvQwPh9BGkHewbMulVntbigmcT7rdX3BNo9wRJg=="
    },
    "node_modules/tslib": {
      "version": "2.6.0",
      "resolved": "https://registry.npmjs.org/tslib/-/tslib-2.6.0.tgz",
      "integrity": "sha512-7At1WUettjcSRHXCyYtTselblcHl9PJFFVKiCAy/bY97+BPZXSQ2wbq0P9s8tK2G7dFQfNnlJnPAiArVBVBsfA=="
    },
    "node_modules/zone.js": {
      "version": "0.13.1",
      "resolved": "https://registry.npmjs.org/zone.js/-/zone.js-0.13.1.tgz",
      "integrity": "sha512-+bIeDAFEBYuXRuU3qGQvzdPap+N1zjM4KkBAiiQuVVCrHrhjDuY6VkUhNa5+U27+9w0q3fbKiMCbpJ0XzMmSWA==",
      "peer": true,
      "dependencies": {
        "tslib": "^2.3.0"
      }
    }
  }
}
